
Microsoft Visual Studio Solution File, Format Version 12.00
# Visual Studio Version 17
VisualStudioVersion = 17.14.36212.18
MinimumVisualStudioVersion = 10.0.40219.1
Project("{2150E333-8FDC-42A3-9474-1A3956D46DE8}") = "June19", "June19", "{02EA681E-C7D8-13C7-8484-4AC65E1B71E8}"
EndProject
Project("{FAE04EC0-301F-11D3-BF4B-00C04F79EFBC}") = "ITAndCS", "ITAndCS\ITAndCS.csproj", "{5FF7F033-7B99-47BD-8188-45CDDC85540A}"
EndProject
Project("{FAE04EC0-301F-11D3-BF4B-00C04F79EFBC}") = "GenericListOfStringMVC", "GenericListOfStringMVC\GenericListOfStringMVC.csproj", "{8CDB4937-B4D8-4172-A1DA-D5FD5C0F5D61}"
EndProject
Project("{FAE04EC0-301F-11D3-BF4B-00C04F79EFBC}") = "ObjectVIewBagMVC", "ObjectVIewBagMVC\ObjectVIewBagMVC.csproj", "{D9FD0E9F-8356-410B-8F71-C737AB772154}"
EndProject
Project("{FAE04EC0-301F-11D3-BF4B-00C04F79EFBC}") = "GenericMVCString", "GenericMVCString\GenericMVCString.csproj", "{197016DB-23C1-44C3-9720-2C85A2FB49B1}"
EndProject
Project("{FAE04EC0-301F-11D3-BF4B-00C04F79EFBC}") = "MVCModelBindingSimple", "MVCModelBindingSimple\MVCModelBindingSimple.csproj", "{2BCD19CE-EDEB-4F13-A029-A6C6EE91EF80}"
EndProject
Project("{FAE04EC0-301F-11D3-BF4B-00C04F79EFBC}") = "FormsMVC", "FormsMVC\FormsMVC.csproj", "{20DACCC4-E23E-4F1E-AC59-A68F229028ED}"
EndProject
Project("{FAE04EC0-301F-11D3-BF4B-00C04F79EFBC}") = "IENUMERABLE", "IENUMERABLE\IENUMERABLE.csproj", "{35E968E9-1179-4362-B3FF-E6AF13F6F17F}"
EndProject
Project("{2150E333-8FDC-42A3-9474-1A3956D46DE8}") = "June20", "June20", "{95D884D1-3FD2-4940-B815-4397F335D9D4}"
EndProject
Project("{FAE04EC0-301F-11D3-BF4B-00C04F79EFBC}") = "HelloMVCRevision", "HelloMVCRevision\HelloMVCRevision.csproj", "{776CE940-C298-4A15-9BE2-547866EDF6BC}"
EndProject
Project("{FAE04EC0-301F-11D3-BF4B-00C04F79EFBC}") = "HtmlHelpers", "HtmlHelpers\HtmlHelpers.csproj", "{90A973EB-4AA6-4F2B-B9A1-221CD5CCB385}"
EndProject
Project("{FAE04EC0-301F-11D3-BF4B-00C04F79EFBC}") = "TraineeManagement", "TraineeManagement\TraineeManagement.csproj", "{16267226-DFA9-4357-89CD-D8DA40D857A4}"
EndProject
Global
	GlobalSection(SolutionConfigurationPlatforms) = preSolution
		Debug|Any CPU = Debug|Any CPU
		Release|Any CPU = Release|Any CPU
	EndGlobalSection
	GlobalSection(ProjectConfigurationPlatforms) = postSolution
		{5FF7F033-7B99-47BD-8188-45CDDC85540A}.Debug|Any CPU.ActiveCfg = Debug|Any CPU
		{5FF7F033-7B99-47BD-8188-45CDDC85540A}.Debug|Any CPU.Build.0 = Debug|Any CPU
		{5FF7F033-7B99-47BD-8188-45CDDC85540A}.Release|Any CPU.ActiveCfg = Release|Any CPU
		{5FF7F033-7B99-47BD-8188-45CDDC85540A}.Release|Any CPU.Build.0 = Release|Any CPU
		{8CDB4937-B4D8-4172-A1DA-D5FD5C0F5D61}.Debug|Any CPU.ActiveCfg = Debug|Any CPU
		{8CDB4937-B4D8-4172-A1DA-D5FD5C0F5D61}.Debug|Any CPU.Build.0 = Debug|Any CPU
		{8CDB4937-B4D8-4172-A1DA-D5FD5C0F5D61}.Release|Any CPU.ActiveCfg = Release|Any CPU
		{8CDB4937-B4D8-4172-A1DA-D5FD5C0F5D61}.Release|Any CPU.Build.0 = Release|Any CPU
		{D9FD0E9F-8356-410B-8F71-C737AB772154}.Debug|Any CPU.ActiveCfg = Debug|Any CPU
		{D9FD0E9F-8356-410B-8F71-C737AB772154}.Debug|Any CPU.Build.0 = Debug|Any CPU
		{D9FD0E9F-8356-410B-8F71-C737AB772154}.Release|Any CPU.ActiveCfg = Release|Any CPU
		{D9FD0E9F-8356-410B-8F71-C737AB772154}.Release|Any CPU.Build.0 = Release|Any CPU
		{197016DB-23C1-44C3-9720-2C85A2FB49B1}.Debug|Any CPU.ActiveCfg = Debug|Any CPU
		{197016DB-23C1-44C3-9720-2C85A2FB49B1}.Debug|Any CPU.Build.0 = Debug|Any CPU
		{197016DB-23C1-44C3-9720-2C85A2FB49B1}.Release|Any CPU.ActiveCfg = Release|Any CPU
		{197016DB-23C1-44C3-9720-2C85A2FB49B1}.Release|Any CPU.Build.0 = Release|Any CPU
		{2BCD19CE-EDEB-4F13-A029-A6C6EE91EF80}.Debug|Any CPU.ActiveCfg = Debug|Any CPU
		{2BCD19CE-EDEB-4F13-A029-A6C6EE91EF80}.Debug|Any CPU.Build.0 = Debug|Any CPU
		{2BCD19CE-EDEB-4F13-A029-A6C6EE91EF80}.Release|Any CPU.ActiveCfg = Release|Any CPU
		{2BCD19CE-EDEB-4F13-A029-A6C6EE91EF80}.Release|Any CPU.Build.0 = Release|Any CPU
		{20DACCC4-E23E-4F1E-AC59-A68F229028ED}.Debug|Any CPU.ActiveCfg = Debug|Any CPU
		{20DACCC4-E23E-4F1E-AC59-A68F229028ED}.Debug|Any CPU.Build.0 = Debug|Any CPU
		{20DACCC4-E23E-4F1E-AC59-A68F229028ED}.Release|Any CPU.ActiveCfg = Release|Any CPU
		{20DACCC4-E23E-4F1E-AC59-A68F229028ED}.Release|Any CPU.Build.0 = Release|Any CPU
		{35E968E9-1179-4362-B3FF-E6AF13F6F17F}.Debug|Any CPU.ActiveCfg = Debug|Any CPU
		{35E968E9-1179-4362-B3FF-E6AF13F6F17F}.Debug|Any CPU.Build.0 = Debug|Any CPU
		{35E968E9-1179-4362-B3FF-E6AF13F6F17F}.Release|Any CPU.ActiveCfg = Release|Any CPU
		{35E968E9-1179-4362-B3FF-E6AF13F6F17F}.Release|Any CPU.Build.0 = Release|Any CPU
		{776CE940-C298-4A15-9BE2-547866EDF6BC}.Debug|Any CPU.ActiveCfg = Debug|Any CPU
		{776CE940-C298-4A15-9BE2-547866EDF6BC}.Debug|Any CPU.Build.0 = Debug|Any CPU
		{776CE940-C298-4A15-9BE2-547866EDF6BC}.Release|Any CPU.ActiveCfg = Release|Any CPU
		{776CE940-C298-4A15-9BE2-547866EDF6BC}.Release|Any CPU.Build.0 = Release|Any CPU
		{90A973EB-4AA6-4F2B-B9A1-221CD5CCB385}.Debug|Any CPU.ActiveCfg = Debug|Any CPU
		{90A973EB-4AA6-4F2B-B9A1-221CD5CCB385}.Debug|Any CPU.Build.0 = Debug|Any CPU
		{90A973EB-4AA6-4F2B-B9A1-221CD5CCB385}.Release|Any CPU.ActiveCfg = Release|Any CPU
		{90A973EB-4AA6-4F2B-B9A1-221CD5CCB385}.Release|Any CPU.Build.0 = Release|Any CPU
		{16267226-DFA9-4357-89CD-D8DA40D857A4}.Debug|Any CPU.ActiveCfg = Debug|Any CPU
		{16267226-DFA9-4357-89CD-D8DA40D857A4}.Debug|Any CPU.Build.0 = Debug|Any CPU
		{16267226-DFA9-4357-89CD-D8DA40D857A4}.Release|Any CPU.ActiveCfg = Release|Any CPU
		{16267226-DFA9-4357-89CD-D8DA40D857A4}.Release|Any CPU.Build.0 = Release|Any CPU
	EndGlobalSection
	GlobalSection(SolutionProperties) = preSolution
		HideSolutionNode = FALSE
	EndGlobalSection
	GlobalSection(NestedProjects) = preSolution
		{5FF7F033-7B99-47BD-8188-45CDDC85540A} = {02EA681E-C7D8-13C7-8484-4AC65E1B71E8}
		{8CDB4937-B4D8-4172-A1DA-D5FD5C0F5D61} = {02EA681E-C7D8-13C7-8484-4AC65E1B71E8}
		{D9FD0E9F-8356-410B-8F71-C737AB772154} = {02EA681E-C7D8-13C7-8484-4AC65E1B71E8}
		{197016DB-23C1-44C3-9720-2C85A2FB49B1} = {02EA681E-C7D8-13C7-8484-4AC65E1B71E8}
		{2BCD19CE-EDEB-4F13-A029-A6C6EE91EF80} = {02EA681E-C7D8-13C7-8484-4AC65E1B71E8}
		{20DACCC4-E23E-4F1E-AC59-A68F229028ED} = {02EA681E-C7D8-13C7-8484-4AC65E1B71E8}
		{776CE940-C298-4A15-9BE2-547866EDF6BC} = {95D884D1-3FD2-4940-B815-4397F335D9D4}
		{90A973EB-4AA6-4F2B-B9A1-221CD5CCB385} = {95D884D1-3FD2-4940-B815-4397F335D9D4}
		{16267226-DFA9-4357-89CD-D8DA40D857A4} = {95D884D1-3FD2-4940-B815-4397F335D9D4}
	EndGlobalSection
	GlobalSection(ExtensibilityGlobals) = postSolution
		SolutionGuid = {45616756-3704-4643-8EEC-9E7E1660E0EE}
	EndGlobalSection
EndGlobal
